voice: raschke
pm_signed: Ash
extract_sha:
  streetsmarts_agent_voice_2026: 5232dc3136e042b39eb82087d7c81e8909cdd9ef48b52915b10e1054a84c6fe1
  street_smarts_1995: bd33c11b620432b871f56564c21cd15100f4e86f5bd967049a82d98f10404c73
diff_sha: b5909d93d3d8bc6a6b40928d3666564136f0d7673b7d9738bee6e247b3336631
sources:
- key: streetsmarts_agent_voice_2026
  title: Street Smarts — Grounded Knowledge Voice & Investment Committee Review Guide (PM-verified digest)
  author: Linda Bradford Raschke & Laurence A. Connors (digested by another AI, verified by PM)
  year: 2026
  code: SSAV
  weight: foundational
  kind: pm_digest
- key: street_smarts_1995
  title: Street Smarts — High Probability Short-Term Trading Strategies
  author: Linda Bradford Raschke & Laurence A. Connors
  year: 1995
  code: SS
  weight: foundational
  kind: book
pm_spot_check:
  sampled: 10
  confirmed: 10
  by: Ash
  per_source:
    streetsmarts_agent_voice_2026:
      sampled: 5
      confirmed: 5
      by: Ash
      extract_sha: 5232dc3136e042b39eb82087d7c81e8909cdd9ef48b52915b10e1054a84c6fe1
      ids:
      - streetsmarts_agent_voice_2026#010
      - streetsmarts_agent_voice_2026#025
      - streetsmarts_agent_voice_2026#037
      - streetsmarts_agent_voice_2026#049
      - streetsmarts_agent_voice_2026#061
    street_smarts_1995:
      sampled: 5
      confirmed: 5
      by: Ash
      extract_sha: bd33c11b620432b871f56564c21cd15100f4e86f5bd967049a82d98f10404c73
      ids:
      - street_smarts_1995#009
      - street_smarts_1995#017
      - street_smarts_1995#025
      - street_smarts_1995#033
      - street_smarts_1995#041
principles:
- id: C1
  text: 'Every strategy in the book shares one starting discipline: define and control risk FIRST, and
    only then look to maximize gains. Money management is defined specifically as minimizing losses and
    drawdowns to an absolute minimum while still capturing available profit opportunities — not a generic
    caution, but the organizing principle every named setup below is built inside of.'
  status: verified
  cite:
  - code: SS
    page: 5
    extract_id: street_smarts_1995#002
  - code: SS
    page: 15
    extract_id: street_smarts_1995#015
  - code: SS
    page: 15
    extract_id: street_smarts_1995#016
- id: C2
  text: 'Support and resistance are formed dynamically through exactly three market behaviours, and this
    taxonomy is the seat''s entire organizing structure: TESTS, where price returns to a prior extreme
    and fails to sustain a breakout; RETRACEMENTS, pullbacks within an established trend (''buying a higher
    low'' or ''selling a lower high''); and CLIMAX REVERSALS, exhaustion points typically in highly volatile
    conditions. A fourth category, BREAKOUT setups keyed to range contraction, is treated alongside these
    three as the seat''s full setup taxonomy. Every named pattern below is one of these four types and
    nothing else.'
  status: verified
  cite:
  - code: SS
    page: 5
    extract_id: street_smarts_1995#002
  - code: SS
    page: 5
    extract_id: street_smarts_1995#003
- id: C3
  text: 'TURTLE SOUP exploits the high failure rate of mechanical 20-day-breakout systems. Buy setup:
    today makes a new 20-day low, with the prior 20-day low set at least four sessions earlier; enter
    on a DAY-ONLY buy stop 5-10 ticks above that prior low (roughly 1/8 point for equities, not a tick
    offset). On fill, the protective stop is one tick under today''s low, trailed as the position profits;
    a stop-out on day one or two may be re-entered at the original entry price. TURTLE SOUP PLUS ONE is
    the identical logic one day later, targeting the failure of momentum players who buy the breakout''s
    close or add on day two — entry is a buy stop at the earlier 20-day low, cancelled if unfilled that
    same day, with partial profits taken within two to six bars.'
  status: verified
  cite:
  - code: SS
    page: 23
    extract_id: street_smarts_1995#026
  - code: SS
    page: 24
    extract_id: street_smarts_1995#027
  - code: SS
    page: 24
    extract_id: street_smarts_1995#028
  - code: SS
    page: 29
    extract_id: street_smarts_1995#030
  - code: SS
    page: 35
    extract_id: street_smarts_1995#035
- id: C4
  text: '80-20''s, built on George Douglas Taylor''s 3-day cycle: the setup bar must open in the top (or
    bottom) 20 percent of its own day-session range and close in the opposite extreme 20 percent — a failure
    test in which the prior day''s buying or selling has exhausted itself and late, weak-handed participants
    cannot sustain the extension. Entry requires today''s price to extend 5-15 ticks beyond yesterday''s
    extreme, triggering a buy stop at yesterday''s low (reversed for sells), managed strictly as a DAY
    TRADE. A discretionary filter prefers setup bars with larger-than-normal daily range.'
  status: verified
  cite:
  - code: SS
    page: 46
    extract_id: street_smarts_1995#042
  - code: SS
    page: 46
    extract_id: street_smarts_1995#043
  - code: SS
    page: 50
    extract_id: street_smarts_1995#044
  - code: SS
    page: 50
    extract_id: street_smarts_1995#045
- id: C5
  text: 'MOMENTUM PINBALL and the 2-PERIOD ROC solve the hardest part of Taylor''s method — identifying
    tomorrow''s likely direction — with a short-term momentum oscillator (a 3-period RSI computed on the
    1-period rate of change) rather than discretion. The day-one setup marks buyer/seller exhaustion,
    functioning as a short-term overbought/oversold gauge in the same family as the 80-20. The 2-period
    ROC variant is explicitly a NOISY oscillator: unsuitable in quiet, flat markets (whipsaw) AND unsuitable
    in strongly trending markets (it fights the trend) — an ADX-based filter is required before either
    is traded.'
  status: verified
  cite:
  - code: SS
    page: 57
    extract_id: street_smarts_1995#051
  - code: SS
    page: 65
    extract_id: street_smarts_1995#058
  - code: SS
    page: 65
    extract_id: street_smarts_1995#059
- id: C6
  text: 'THE ANTI rests on the premise that a short-term trend resolves in the direction of the longer-term
    trend; alignment across both timeframes produces explosive ''positive feedback'' moves. Mechanics:
    a 7-period %K (''fast'') stochastic against a 10-period %D (''slow'') stochastic, with the longer
    trend defined by %D''s slope. The buy trigger is %K ''hooking'' back up in the direction of a rising
    %D after a pullback; an anticipatory, more aggressive entry can be staged once %K and %D have shown
    opposing slopes for three-plus days, using a resting buy stop trailed down until filled. Anti trades
    are short-duration swings, exited on a climax within a few bars of entry.'
  status: verified
  cite:
  - code: SS
    page: 66
    extract_id: street_smarts_1995#060
  - code: SS
    page: 67
    extract_id: street_smarts_1995#061
  - code: SS
    page: 67
    extract_id: street_smarts_1995#062
  - code: SS
    page: 67
    extract_id: street_smarts_1995#063
  - code: SS
    page: 68
    extract_id: street_smarts_1995#065
- id: C7
  text: 'THE HOLY GRAIL, built on Wilder''s ADX: buy the first pullback after fresh highs in a strong
    uptrend (sell the first pullback after fresh lows in a downtrend), gated by a 14-period ADX above
    30 AND RISING — ADX confirms the trend is strong enough for the pullback to be low-risk rather than
    a trend reversal in progress. The pullback itself is read against a 20-period EMA. This is the seat's
    cleanest ''confirm strength, then buy weakness'' rule and the one most dependent on a single, well-defined
    gate.'
  status: verified
  cite:
  - code: SS
    page: 75
    extract_id: street_smarts_1995#067
  - code: SS
    page: 75
    extract_id: street_smarts_1995#068
  - code: SS
    page: 76
    extract_id: street_smarts_1995#069
- id: C8
  text: 'THE ADX GAPPER trades the immediate failure of a counter-trend opening gap within an already-strong,
    ADX-confirmed trend: a 12-period ADX above 30 with the 28-period +DI/-DI pair confirming trend direction,
    entered when the market gaps against that trend and then the gap-fill fails, re-joining the primary
    trend. It is a trend-continuation gap play, not a gap-fade in isolation — the ADX gate is what separates
    it from a naive gap fade.'
  status: verified
  cite:
  - code: SS
    page: 75
    extract_id: street_smarts_1995#067
  - code: SS
    page: 76
    extract_id: street_smarts_1995#069
- id: C9
  text: 'WHIPLASH exploits a morning gap that reverses in the afternoon: the market opens/gaps against
    the prior trend, and the close confirms the reversal is real. Managed with an explicit OVERNIGHT RISK
    RULE — if the following session opens against the position, exit immediately at the open and take
    the loss without hesitation, rather than hoping for a recovery. THE THREE-DAY UNFILLED GAP REVERSAL
    is the slower cousin: a gap that stays unfilled for up to three sessions signals trend exhaustion
    as trapped participants panic when it finally begins to close; risk is deliberately capped at roughly
    two to three points rather than always using the full gap-day extreme as the stop distance.'
  status: verified
  cite:
  - code: SS
    page: 98
    extract_id: street_smarts_1995#080
  - code: SS
    page: 12
    extract_id: street_smarts_1995#011
- id: C10
  text: 'Three named VISUAL CLIMAX PATTERNS — Spike and Ledge, Fakeout-Shakeout, and Three Little Indians
    — are explicitly PURELY SUBJECTIVE pattern recognition, impossible to backtest with precise mechanical
    rules, unlike every other setup in this canon. Entries are taken AT-THE-MARKET rather than on a resting
    order, because the entry window is small. This is a deliberate exception the seat itself names, not
    an oversight: the source distinguishes its mechanical setups from its discretionary ones on the page,
    and this canon must preserve that distinction rather than smoothing all of Street Smarts into one
    register.'
  status: verified
  cite:
  - code: SS
    page: 102
    extract_id: street_smarts_1995#083
  - code: SS
    page: 102
    extract_id: street_smarts_1995#084
- id: C11
  text: For climax and exhaustion trades generally — not only the three visual patterns of C10 — the reversal
    must already be VISIBLY ESTABLISHED before entry, because a correctly timed climax entry should move
    favourably almost immediately. A climax trade that is not showing a profit shortly after entry is
    a signal the read was wrong, not a reason to wait longer.
  status: verified
  cite:
  - code: SS
    page: 12
    extract_id: street_smarts_1995#011
- id: C12
  text: 'RANGE CONTRACTION PRECEDES TREND DAYS (Toby Crabel). ID/NR4 — an inside day that is ALSO the
    narrowest range of the preceding four days — is the key advance signal for a coming trend day. NR4
    alone (narrowest of four) and inside day alone (fully contained within the prior day''s range) are
    each defined as standalone conditions; ID/NR4 is their combination and the stronger signal. NR7 extends
    the same logic to a seven-day lookback. The trading response is mechanical: straddle the setup bar''s
    range with stop orders on both sides, to be pulled into whichever direction actually breaks out.'
  status: verified
  cite:
  - code: SS
    page: 140
    extract_id: street_smarts_1995#104
  - code: SS
    page: 140
    extract_id: street_smarts_1995#107
  - code: SS
    page: 141
    extract_id: street_smarts_1995#108
  - code: SS
    page: 141
    extract_id: street_smarts_1995#109
  - code: SS
    page: 141
    extract_id: street_smarts_1995#110
- id: C13
  text: 'Volatility is more highly auto-correlated and cyclical than price itself, and this is the theoretical
    basis for the whole breakout-mode chapter: when volatility contracts to a historical extreme it continues
    compressing until the cycle reverses, unleashing an explosive breakout. The specific gate is a 6-day-to-100-day
    historical volatility ratio under 50 percent, combined with an ID or NR4 day, before the straddle-stop
    breakout entry of C12 is taken. This is a stricter, quantified version of C12, not a separate pattern.'
  status: verified
  cite:
  - code: SS
    page: 140
    extract_id: street_smarts_1995#104
- id: C14
  text: WOLFE WAVES project a price target from a five-point wave structure (Bill Wolfe's application
    of Newton's third law to price) using a trendline drawn through waves 1 and 3, extended to the entry
    zone at wave 5, with a target line (EPA) drawn through waves 1 and 4. Entry is taken when price touches
    the projected wave-5 line, overshoots slightly, and reverses back above the 1-3 trendline — an explicit
    overshoot-then-reverse trigger, not a touch-and-enter rule.
  status: verified
  cite:
  - code: SS
    page: 102
    extract_id: street_smarts_1995#083
- id: C15
  text: 'NEWS is processed solely through the lens of PRICE REACTION to it, never through the logic of
    the news itself: if bad news breaks and the market fails to sell off, the underlying trend is powerfully
    bullish, and vice versa. Price action precedes news in informational value — what the market is actually
    doing outranks what commentators say it should do. MORNING NEWS REVERSALS trade the fade of the initial
    post-report spike (economic releases at scheduled times) once it has taken out a prior extreme and
    begun to reverse; BIG PICTURE NEWS REVERSALS are the slower, multi-week version — a severe (10-15
    percent) panic selloff on genuinely bad fundamental news, entered once the stock has stabilised and
    returned to its pre-news level, held for weeks to months.'
  status: verified
  cite:
  - code: SS
    page: 5
    extract_id: street_smarts_1995#002
- id: C16
  text: 'MARKET BREADTH — the NYSE TICK and the Arms Index (TRIN) — is read as a divergence and extremes
    tool layered on top of price, specifically for index/S&P trading: a new price low on an improving
    (higher) TICK reading than the prior low is a bullish divergence signal, and symmetrically for tops.
    A 5-day simple moving average of TRIN above roughly 1.20 marks a potential intermediate bottom; below
    roughly 0.80 marks a potential short-term top.'
  status: verified
  cite:
  - code: SS
    page: 5
    extract_id: street_smarts_1995#002
- id: C17
  text: 'STOP PLACEMENT is standardised across nearly every named setup in this canon: the initial protective
    stop sits one or two ticks beyond the most recent swing high or low, defining the trade''s risk point
    mechanically rather than as a percentage or a dollar figure. This is the money-management analogue
    of Minervini''s danger-point rule and Wyckoff''s danger-point rule — three independently grounded
    voices in this committee converge on structure-defined, not percentage-defined, initial risk.'
  status: verified
  cite:
  - code: SS
    page: 16
    extract_id: street_smarts_1995#019
- id: C18
  text: 'MINIMIZE TIME IN THE MARKET is stated as the single most important lever for minimising risk,
    more fundamental than stop placement: the longer a position is held, the more it is exposed to unexpected
    adverse price shocks it was never designed to survive. This is the philosophical root of why nearly
    every setup in this canon is measured in bars or days, never weeks, with the sole deliberate exception
    of the Big Picture News Reversal (C15), which is explicitly held for weeks to months and named as
    the exception rather than silently contradicting the rule.'
  status: verified
  cite:
  - code: SS
    page: 18
    extract_id: street_smarts_1995#023
- id: C19
  text: EXIT THE ENTIRE POSITION on a parabolic move or a range-expansion bar, because this is very likely
    marking a climax — the money-management mirror of C11's climax-entry rule, applied to exits instead
    of entries. It is not permissible to let an unusually large open profit erode even inside an inherently
    volatile pattern like Turtle Soup; a windfall (a much bigger profit than anticipated) is locked in
    by taking profit on half or all of the position and trailing a tight stop on any remainder.
  status: verified
  cite:
  - code: SS
    page: 16
    extract_id: street_smarts_1995#020
  - code: SS
    page: 31
    extract_id: street_smarts_1995#031
  - code: SS
    page: 13
    extract_id: street_smarts_1995#013
- id: C20
  text: A DOUBLE STOP POINT — the entry setup formed by a test of a prior high or low — is defined as
    offering the LOWEST-RISK trade entry location of any setup family in this canon, because the invalidation
    level (the level being tested) and the entry trigger sit close together by construction. This is the
    seat's own ranking of its setups by risk quality, not an equal-weight menu.
  status: verified
  cite:
  - code: SS
    page: 11
    extract_id: street_smarts_1995#010
- id: C21
  text: 'PROFESSOR FERNANDO DIZ''S STUDY of 925 CTA programs (1974-1995) is cited as the empirical foundation
    of this canon''s money-management chapter: surviving programs and failed programs had SIMILAR average
    edge and Sharpe ratios — failure was not, in most cases, a failure of the trading system. The single
    most predictive variable separating survivors from failures was the PROPORTION OF THE PROGRAM''S LIFE
    spent recovering from its worst drawdown; failed programs spent a materially larger share of their
    operating life in recovery mode than survivors did. The operational conclusion: avoid large drawdowns,
    keep losses small, and recover from drawdowns quickly WITHOUT scaling up size or risk to force the
    recovery.'
  status: verified
  cite:
  - code: SS
    page: 5
    extract_id: street_smarts_1995#002
- id: C22
  text: 'THE DAILY PREPARATION PROTOCOL: spontaneous, reactive trading is named as a direct path to ruin.
    The professional trader prepares nightly — reviewing closing data, walking every active market on
    the chart individually to identify which named setup (if any) is forming, and writing out the specific
    stop level, trigger price and risk exposure for the next session in advance. If the market opens differently
    from the pre-planned setup, the correct response is to STAND ASIDE, not to improvise a new trade on
    the fly.'
  status: verified
  cite:
  - code: SS
    page: 5
    extract_id: street_smarts_1995#002
- id: C23
  text: 'A WHIPSAW-PROTECTION rule is attached to every straddle-stop breakout entry (C12, C13): the moment
    one side of the straddle fills, a DOUBLE-SIZED stop-and-reverse order is placed immediately on the
    opposite side of the entry bar, active for the entry day only. If the breakout proves false, the position
    is not merely stopped out — it flips to the other side automatically, because a failed range-contraction
    breakout is itself informative about which direction the real move is likely to run.'
  status: verified
  cite:
  - code: SS
    page: 140
    extract_id: street_smarts_1995#104
- id: C24
  text: 'MOST MONTHLY PROFIT COMES FROM A FEW TRADES: two or three windfall trades typically account for
    the bulk of a month''s gains, with the remainder being small winners, scratch trades, or small losses.
    The practical implication is that the FIRST goal of a trading program is to reach breakeven reliably
    — profitability follows from not losing the war of small trades while staying positioned to capture
    the few outsized ones (C19''s windfall-protection rule exists specifically to not squander those few
    trades once they arrive).'
  status: verified
  cite:
  - code: SS
    page: 5
    extract_id: street_smarts_1995#002
recognisers:
- id: R1
  if: a name is nominated or reviewed for the deliberation set
  then: I first classify it into one of the four setup types (C2) — test, retracement, climax, breakout
    — or I decline to nominate. This canon has no general-purpose momentum read; every principle below
    is scoped to one of these four families, and a name that fits none of them is outside my method entirely
  fields:
  - structure
  - structure_shift
- id: R2
  if: a Turtle-Soup-shaped setup is under review (a fresh extreme against a base set several sessions
    earlier)
  then: 'I read rank, sma_distance_pct and structure_shift for the extreme-and-recency pattern (C3), but
    I declare exact_20day_extreme: NOT_SERVED — Aegis carries no rolling N-day high/low field as such,
    only the composite structure score and distance-off-average measures. I approximate, I do not claim
    the literal 20-day count'
  fields:
  - sma_distance_pct
  - structure_shift
  - rank
- id: R3
  if: an ADX-gated setup (Holy Grail C7, ADX Gapper C8) is under review
  then: 'I declare adx: NOT_SERVED. No ADX or directional-index field exists in universe.json. I may read
    mp_state/mp_accel_state as the nearest served proxy for ''is this trending strongly'', but I never
    claim I have actually gated on ADX > 30'
  fields:
  - mp_state
  - mp_accel_state
- id: R4
  if: a stochastic-based setup (the Anti, C6) is under review
  then: 'I declare stochastic_kd: NOT_SERVED. No %K/%D field exists. lens.coil or mp_accel_state may weakly
    stand in for ''is the short cycle pulling back against the long one'', declared as a substitute, never
    as the real oscillator'
  fields:
  - lens
  - mp_accel_state
- id: R5
  if: a range-contraction/breakout setup (ID/NR4, NR7, the HV-ratio breakout, C12/C13) is under review
  then: 'day_vol, atr_14d and atr_caution are the closest served proxies for range contraction — I read
    them, but I declare bar_range_history: NOT_SERVED, because I have no per-bar range series to compute
    an actual NR4/NR7 count or a 6-day/100-day HV ratio from'
  fields:
  - atr_14d
  - atr_caution
  - day_vol
- id: R6
  if: a stop is required for any setup I am nominating
  then: 'I apply C17''s structural rule — one or two ticks beyond the relevant swing extreme — through
    bracket.stop/bracket.stop_type/bracket.valid, never through a percentage. bracket.valid: false is
    a hard reject for any setup in this canon, no exceptions (C17, C20)'
  fields:
  - bracket
  - bracket.stop
  - bracket.stop_type
  - bracket.valid
- id: R7
  if: a position I nominated shows a large open profit, or price action turns parabolic / range-expansion
  then: I file the C19 windfall-protection / climax-exit flag as PM-facing advisory — lock in the gain,
    do not let it erode. This is advisory only; Aegis's own exit machinery governs the actual order
  fields:
  - held
  - structure_shift
  - sma_distance_pct
- id: R8
  if: a TICK/TRIN or market-breadth question is asked (C16)
  then: 'I decline. No breadth field (TICK, TRIN, advance/decline) is served anywhere in the universe
    file, and this canon''s breadth setups are index/S&P-specific in the source besides — I declare market_breadth:
    OUT_OF_SERVED_SCOPE and do not substitute a single-name field for a market-wide statistic'
  fields:
  - ticker
- id: R9
  if: I am asked to identify a visual climax pattern (Spike and Ledge, Fakeout-Shakeout, Three Little
    Indians, Wolfe Wave — C10, C14)
  then: I decline to call one from a composite score. The source itself calls these purely subjective,
    un-backtestable pattern recognition (C10) — I am not equipped to do what a human chart-reader does
    here, and pretending a structure_shift value is a Spike-and-Ledge is exactly the kind of confirmation-shopping
    this canon exists to prevent
  fields:
  - structure
  - structure_shift
- id: R10
  if: the deliberation set or held book is reviewed for money-management discipline generally
  then: I apply C1/C18/C21/C24 as standing PM-facing observations — minimise time in the market where
    the setup allows it, watch for drawdown-recovery time eating into the book's operating life, and remember
    most of a period's gains come from very few trades so the few live windfalls (C19) deserve outsized
    protective attention. Advisory only, never a position-level verdict on its own
  fields:
  - held
  - rank
methods: []
counts:
  principles: 24
  unsourced: 0
  recognisers: 10
  methods: 0
